// !$*UTF8*$!
{
	archiveVersion = 1;
	classes = {
	};
	objectVersion = 50;
	objects = {

/* Begin PBXBuildFile section */
		350DDE6223AD290400F48143 /* WarningAnalyzerTests.swift in Sources */ = {isa = PBXBuildFile; fileRef = 350DDE6123AD290400F48143 /* WarningAnalyzerTests.swift */; };
		350DDE6C23AD2E3300F48143 /* Utils.swift in Sources */ = {isa = PBXBuildFile; fileRef = 350DDE6B23AD2E3300F48143 /* Utils.swift */; };
		350DDE6D23AD2E6A00F48143 /* Utils.swift in Sources */ = {isa = PBXBuildFile; fileRef = 350DDE6B23AD2E3300F48143 /* Utils.swift */; };
		350DDE6F23AD2FCD00F48143 /* FileWarning.swift in Sources */ = {isa = PBXBuildFile; fileRef = 350DDE6E23AD2FCD00F48143 /* FileWarning.swift */; };
		350DDE7023AD2FD200F48143 /* FileWarning.swift in Sources */ = {isa = PBXBuildFile; fileRef = 350DDE6E23AD2FCD00F48143 /* FileWarning.swift */; };
		350DDE7423AD5AF700F48143 /* LDWarning.swift in Sources */ = {isa = PBXBuildFile; fileRef = 350DDE7323AD5AF700F48143 /* LDWarning.swift */; };
		350DDE7823AD618700F48143 /* Warning.swift in Sources */ = {isa = PBXBuildFile; fileRef = 350DDE7723AD618700F48143 /* Warning.swift */; };
		350DDE7923AD61D100F48143 /* Warning.swift in Sources */ = {isa = PBXBuildFile; fileRef = 350DDE7723AD618700F48143 /* Warning.swift */; };
		350DDE7A23AD61DA00F48143 /* LDWarning.swift in Sources */ = {isa = PBXBuildFile; fileRef = 350DDE7323AD5AF700F48143 /* LDWarning.swift */; };
		350DDE7C23AD62C900F48143 /* LDWarningTests.swift in Sources */ = {isa = PBXBuildFile; fileRef = 350DDE7B23AD62C900F48143 /* LDWarningTests.swift */; };
		358857D823A57FC80081F6A2 /* PostBuildAnalyzer.swift in Sources */ = {isa = PBXBuildFile; fileRef = 358857D723A57FC80081F6A2 /* PostBuildAnalyzer.swift */; };
		35B8AB56239499CF00A90A56 /* UtilsTests.swift in Sources */ = {isa = PBXBuildFile; fileRef = 35B8AB55239499CF00A90A56 /* UtilsTests.swift */; };
		35DE8A27238CA79600F9D48C /* main.swift in Sources */ = {isa = PBXBuildFile; fileRef = 35DE8A26238CA79600F9D48C /* main.swift */; };
		4C0BC39323B10A9200DACAB1 /* SlowExpressionAnalyzerTests.swift in Sources */ = {isa = PBXBuildFile; fileRef = 4C0BC39223B10A9200DACAB1 /* SlowExpressionAnalyzerTests.swift */; };
		4C0BC39923B10BDC00DACAB1 /* SlowExpression.swift in Sources */ = {isa = PBXBuildFile; fileRef = 4C0BC39823B10BDC00DACAB1 /* SlowExpression.swift */; };
		4C0BC39A23B10BF800DACAB1 /* SlowExpression.swift in Sources */ = {isa = PBXBuildFile; fileRef = 4C0BC39823B10BDC00DACAB1 /* SlowExpression.swift */; };
		4C0BC39E23B10F0300DACAB1 /* WarningAnalyzer.swift in Sources */ = {isa = PBXBuildFile; fileRef = 4C0BC39D23B10F0300DACAB1 /* WarningAnalyzer.swift */; };
		4C0BC3A023B10F0E00DACAB1 /* LintAnalyzer.swift in Sources */ = {isa = PBXBuildFile; fileRef = 4C0BC39F23B10F0E00DACAB1 /* LintAnalyzer.swift */; };
		4C0BC3A223B10F1900DACAB1 /* SlowExpresionAnalyzer.swift in Sources */ = {isa = PBXBuildFile; fileRef = 4C0BC3A123B10F1900DACAB1 /* SlowExpresionAnalyzer.swift */; };
		4C0BC3A423B10F2400DACAB1 /* Analyzer.swift in Sources */ = {isa = PBXBuildFile; fileRef = 4C0BC3A323B10F2400DACAB1 /* Analyzer.swift */; };
		4C0BC3A623B117BF00DACAB1 /* PostBuildComparison.swift in Sources */ = {isa = PBXBuildFile; fileRef = 4C0BC3A523B117BF00DACAB1 /* PostBuildComparison.swift */; };
		4C0BC3A823B11ACD00DACAB1 /* LintWarning.swift in Sources */ = {isa = PBXBuildFile; fileRef = 4C0BC3A723B11ACD00DACAB1 /* LintWarning.swift */; };
		4C0BC3AB23B11CEE00DACAB1 /* PostBuildComparisonTests.swift in Sources */ = {isa = PBXBuildFile; fileRef = 4C0BC3AA23B11CEE00DACAB1 /* PostBuildComparisonTests.swift */; };
		4C0BC3AC23B11D5000DACAB1 /* SlowExpresionAnalyzer.swift in Sources */ = {isa = PBXBuildFile; fileRef = 4C0BC3A123B10F1900DACAB1 /* SlowExpresionAnalyzer.swift */; };
		4C0BC3AD23B11D5300DACAB1 /* WarningAnalyzer.swift in Sources */ = {isa = PBXBuildFile; fileRef = 4C0BC39D23B10F0300DACAB1 /* WarningAnalyzer.swift */; };
		4C0BC3AE23B11D5800DACAB1 /* LintAnalyzer.swift in Sources */ = {isa = PBXBuildFile; fileRef = 4C0BC39F23B10F0E00DACAB1 /* LintAnalyzer.swift */; };
		4C0BC3AF23B11D5A00DACAB1 /* Analyzer.swift in Sources */ = {isa = PBXBuildFile; fileRef = 4C0BC3A323B10F2400DACAB1 /* Analyzer.swift */; };
		4C0BC3B023B11D5D00DACAB1 /* PostBuildComparison.swift in Sources */ = {isa = PBXBuildFile; fileRef = 4C0BC3A523B117BF00DACAB1 /* PostBuildComparison.swift */; };
		4C0BC3B123B11D6000DACAB1 /* PostBuildAnalyzer.swift in Sources */ = {isa = PBXBuildFile; fileRef = 358857D723A57FC80081F6A2 /* PostBuildAnalyzer.swift */; };
		4C0BC3B223B11DD600DACAB1 /* LintWarning.swift in Sources */ = {isa = PBXBuildFile; fileRef = 4C0BC3A723B11ACD00DACAB1 /* LintWarning.swift */; };
		4C1C0BCE23ADA20B004DC5F3 /* FileWarningTests.swift in Sources */ = {isa = PBXBuildFile; fileRef = 4C1C0BCD23ADA20B004DC5F3 /* FileWarningTests.swift */; };
		4C1C0BD023AED2F2004DC5F3 /* WarningTests.swift in Sources */ = {isa = PBXBuildFile; fileRef = 4C1C0BCF23AED2F2004DC5F3 /* WarningTests.swift */; };
		4C441E9A23B03E8F00A733C1 /* TestWarning.swift in Sources */ = {isa = PBXBuildFile; fileRef = 4C441E9923B03E8F00A733C1 /* TestWarning.swift */; };
/* End PBXBuildFile section */

/* Begin PBXCopyFilesBuildPhase section */
		35DE8A21238CA79600F9D48C /* CopyFiles */ = {
			isa = PBXCopyFilesBuildPhase;
			buildActionMask = 2147483647;
			dstPath = /usr/share/man/man1/;
			dstSubfolderSpec = 0;
			files = (
			);
			runOnlyForDeploymentPostprocessing = 1;
		};
/* End PBXCopyFilesBuildPhase section */

/* Begin PBXFileReference section */
		350DDE6123AD290400F48143 /* WarningAnalyzerTests.swift */ = {isa = PBXFileReference; lastKnownFileType = sourcecode.swift; path = WarningAnalyzerTests.swift; sourceTree = "<group>"; };
		350DDE6B23AD2E3300F48143 /* Utils.swift */ = {isa = PBXFileReference; fileEncoding = 4; lastKnownFileType = sourcecode.swift; path = Utils.swift; sourceTree = "<group>"; };
		350DDE6E23AD2FCD00F48143 /* FileWarning.swift */ = {isa = PBXFileReference; lastKnownFileType = sourcecode.swift; path = FileWarning.swift; sourceTree = "<group>"; };
		350DDE7323AD5AF700F48143 /* LDWarning.swift */ = {isa = PBXFileReference; lastKnownFileType = sourcecode.swift; path = LDWarning.swift; sourceTree = "<group>"; };
		350DDE7723AD618700F48143 /* Warning.swift */ = {isa = PBXFileReference; lastKnownFileType = sourcecode.swift; path = Warning.swift; sourceTree = "<group>"; };
		350DDE7B23AD62C900F48143 /* LDWarningTests.swift */ = {isa = PBXFileReference; lastKnownFileType = sourcecode.swift; path = LDWarningTests.swift; sourceTree = "<group>"; };
		358857D723A57FC80081F6A2 /* PostBuildAnalyzer.swift */ = {isa = PBXFileReference; lastKnownFileType = sourcecode.swift; path = PostBuildAnalyzer.swift; sourceTree = "<group>"; };
		35B8AB55239499CF00A90A56 /* UtilsTests.swift */ = {isa = PBXFileReference; lastKnownFileType = sourcecode.swift; path = UtilsTests.swift; sourceTree = "<group>"; };
		35DE8A23238CA79600F9D48C /* PostBuildAnalzyer */ = {isa = PBXFileReference; explicitFileType = "compiled.mach-o.executable"; includeInIndex = 0; path = PostBuildAnalzyer; sourceTree = BUILT_PRODUCTS_DIR; };
		35DE8A26238CA79600F9D48C /* main.swift */ = {isa = PBXFileReference; lastKnownFileType = sourcecode.swift; path = main.swift; sourceTree = "<group>"; };
		35DE8A31238CA7CB00F9D48C /* PostBuildAnalzyerTests.xctest */ = {isa = PBXFileReference; explicitFileType = wrapper.cfbundle; includeInIndex = 0; path = PostBuildAnalzyerTests.xctest; sourceTree = BUILT_PRODUCTS_DIR; };
		35DE8A35238CA7CB00F9D48C /* Info.plist */ = {isa = PBXFileReference; lastKnownFileType = text.plist.xml; path = Info.plist; sourceTree = "<group>"; };
		4C0BC39223B10A9200DACAB1 /* SlowExpressionAnalyzerTests.swift */ = {isa = PBXFileReference; lastKnownFileType = sourcecode.swift; path = SlowExpressionAnalyzerTests.swift; sourceTree = "<group>"; };
		4C0BC39823B10BDC00DACAB1 /* SlowExpression.swift */ = {isa = PBXFileReference; lastKnownFileType = sourcecode.swift; path = SlowExpression.swift; sourceTree = "<group>"; };
		4C0BC39D23B10F0300DACAB1 /* WarningAnalyzer.swift */ = {isa = PBXFileReference; lastKnownFileType = sourcecode.swift; path = WarningAnalyzer.swift; sourceTree = "<group>"; };
		4C0BC39F23B10F0E00DACAB1 /* LintAnalyzer.swift */ = {isa = PBXFileReference; lastKnownFileType = sourcecode.swift; path = LintAnalyzer.swift; sourceTree = "<group>"; };
		4C0BC3A123B10F1900DACAB1 /* SlowExpresionAnalyzer.swift */ = {isa = PBXFileReference; lastKnownFileType = sourcecode.swift; path = SlowExpresionAnalyzer.swift; sourceTree = "<group>"; };
		4C0BC3A323B10F2400DACAB1 /* Analyzer.swift */ = {isa = PBXFileReference; lastKnownFileType = sourcecode.swift; path = Analyzer.swift; sourceTree = "<group>"; };
		4C0BC3A523B117BF00DACAB1 /* PostBuildComparison.swift */ = {isa = PBXFileReference; lastKnownFileType = sourcecode.swift; path = PostBuildComparison.swift; sourceTree = "<group>"; };
		4C0BC3A723B11ACD00DACAB1 /* LintWarning.swift */ = {isa = PBXFileReference; lastKnownFileType = sourcecode.swift; path = LintWarning.swift; sourceTree = "<group>"; };
		4C0BC3AA23B11CEE00DACAB1 /* PostBuildComparisonTests.swift */ = {isa = PBXFileReference; lastKnownFileType = sourcecode.swift; path = PostBuildComparisonTests.swift; sourceTree = "<group>"; };
		4C1C0BCD23ADA20B004DC5F3 /* FileWarningTests.swift */ = {isa = PBXFileReference; lastKnownFileType = sourcecode.swift; path = FileWarningTests.swift; sourceTree = "<group>"; };
		4C1C0BCF23AED2F2004DC5F3 /* WarningTests.swift */ = {isa = PBXFileReference; lastKnownFileType = sourcecode.swift; path = WarningTests.swift; sourceTree = "<group>"; };
		4C441E9923B03E8F00A733C1 /* TestWarning.swift */ = {isa = PBXFileReference; lastKnownFileType = sourcecode.swift; path = TestWarning.swift; sourceTree = "<group>"; };
/* End PBXFileReference section */

/* Begin PBXFrameworksBuildPhase section */
		35DE8A20238CA79600F9D48C /* Frameworks */ = {
			isa = PBXFrameworksBuildPhase;
			buildActionMask = 2147483647;
			files = (
			);
			runOnlyForDeploymentPostprocessing = 0;
		};
		35DE8A2E238CA7CB00F9D48C /* Frameworks */ = {
			isa = PBXFrameworksBuildPhase;
			buildActionMask = 2147483647;
			files = (
			);
			runOnlyForDeploymentPostprocessing = 0;
		};
/* End PBXFrameworksBuildPhase section */

/* Begin PBXGroup section */
		35DE8A1A238CA79600F9D48C = {
			isa = PBXGroup;
			children = (
				35DE8A25238CA79600F9D48C /* PostBuildAnalzyer */,
				35DE8A32238CA7CB00F9D48C /* PostBuildAnalzyerTests */,
				35DE8A24238CA79600F9D48C /* Products */,
			);
			sourceTree = "<group>";
		};
		35DE8A24238CA79600F9D48C /* Products */ = {
			isa = PBXGroup;
			children = (
				35DE8A23238CA79600F9D48C /* PostBuildAnalzyer */,
				35DE8A31238CA7CB00F9D48C /* PostBuildAnalzyerTests.xctest */,
			);
			name = Products;
			sourceTree = "<group>";
		};
		35DE8A25238CA79600F9D48C /* PostBuildAnalzyer */ = {
			isa = PBXGroup;
			children = (
				35DE8A26238CA79600F9D48C /* main.swift */,
				4C0BC3A523B117BF00DACAB1 /* PostBuildComparison.swift */,
				358857D723A57FC80081F6A2 /* PostBuildAnalyzer.swift */,
				4C0BC39B23B10EE900DACAB1 /* Analzyers */,
				4C0BC39423B10A9900DACAB1 /* Warnings */,
				350DDE6B23AD2E3300F48143 /* Utils.swift */,
			);
			path = PostBuildAnalzyer;
			sourceTree = "<group>";
		};
		35DE8A32238CA7CB00F9D48C /* PostBuildAnalzyerTests */ = {
			isa = PBXGroup;
			children = (
				4C0BC3AA23B11CEE00DACAB1 /* PostBuildComparisonTests.swift */,
				4C0BC39623B10AEF00DACAB1 /* Warnings */,
				4C0BC39723B10AF200DACAB1 /* Analyzers */,
				35DE8A35238CA7CB00F9D48C /* Info.plist */,
				35B8AB55239499CF00A90A56 /* UtilsTests.swift */,
			);
			path = PostBuildAnalzyerTests;
			sourceTree = "<group>";
		};
		4C0BC39423B10A9900DACAB1 /* Warnings */ = {
			isa = PBXGroup;
			children = (
				350DDE7723AD618700F48143 /* Warning.swift */,
				350DDE6E23AD2FCD00F48143 /* FileWarning.swift */,
				350DDE7323AD5AF700F48143 /* LDWarning.swift */,
				4C0BC39823B10BDC00DACAB1 /* SlowExpression.swift */,
				4C0BC3A723B11ACD00DACAB1 /* LintWarning.swift */,
			);
			path = Warnings;
			sourceTree = "<group>";
		};
		4C0BC39623B10AEF00DACAB1 /* Warnings */ = {
			isa = PBXGroup;
			children = (
				4C441E9923B03E8F00A733C1 /* TestWarning.swift */,
				4C1C0BCD23ADA20B004DC5F3 /* FileWarningTests.swift */,
				350DDE7B23AD62C900F48143 /* LDWarningTests.swift */,
				4C1C0BCF23AED2F2004DC5F3 /* WarningTests.swift */,
			);
			path = Warnings;
			sourceTree = "<group>";
		};
		4C0BC39723B10AF200DACAB1 /* Analyzers */ = {
			isa = PBXGroup;
			children = (
				4C0BC39223B10A9200DACAB1 /* SlowExpressionAnalyzerTests.swift */,
				350DDE6123AD290400F48143 /* WarningAnalyzerTests.swift */,
			);
			path = Analyzers;
			sourceTree = "<group>";
		};
		4C0BC39B23B10EE900DACAB1 /* Analzyers */ = {
			isa = PBXGroup;
			children = (
				4C0BC3A323B10F2400DACAB1 /* Analyzer.swift */,
				4C0BC39F23B10F0E00DACAB1 /* LintAnalyzer.swift */,
				4C0BC3A123B10F1900DACAB1 /* SlowExpresionAnalyzer.swift */,
				4C0BC39D23B10F0300DACAB1 /* WarningAnalyzer.swift */,
			);
			path = Analzyers;
			sourceTree = "<group>";
		};
/* End PBXGroup section */

/* Begin PBXNativeTarget section */
		35DE8A22238CA79600F9D48C /* PostBuildAnalzyer */ = {
			isa = PBXNativeTarget;
			buildConfigurationList = 35DE8A2A238CA79600F9D48C /* Build configuration list for PBXNativeTarget "PostBuildAnalzyer" */;
			buildPhases = (
				35DE8A1F238CA79600F9D48C /* Sources */,
				35DE8A20238CA79600F9D48C /* Frameworks */,
				35DE8A21238CA79600F9D48C /* CopyFiles */,
			);
			buildRules = (
			);
			dependencies = (
			);
			name = PostBuildAnalzyer;
			productName = PostBuildAnalzyer;
			productReference = 35DE8A23238CA79600F9D48C /* PostBuildAnalzyer */;
			productType = "com.apple.product-type.tool";
		};
		35DE8A30238CA7CB00F9D48C /* PostBuildAnalzyerTests */ = {
			isa = PBXNativeTarget;
			buildConfigurationList = 35DE8A36238CA7CB00F9D48C /* Build configuration list for PBXNativeTarget "PostBuildAnalzyerTests" */;
			buildPhases = (
				35DE8A2D238CA7CB00F9D48C /* Sources */,
				35DE8A2E238CA7CB00F9D48C /* Frameworks */,
				35DE8A2F238CA7CB00F9D48C /* Resources */,
			);
			buildRules = (
			);
			dependencies = (
			);
			name = PostBuildAnalzyerTests;
			productName = PostBuildAnalzyerTests;
			productReference = 35DE8A31238CA7CB00F9D48C /* PostBuildAnalzyerTests.xctest */;
			productType = "com.apple.product-type.bundle.unit-test";
		};
/* End PBXNativeTarget section */

/* Begin PBXProject section */
		35DE8A1B238CA79600F9D48C /* Project object */ = {
			isa = PBXProject;
			attributes = {
				LastSwiftUpdateCheck = 1030;
				LastUpgradeCheck = 1110;
				ORGANIZATIONNAME = "Michael Charland";
				TargetAttributes = {
					35DE8A22238CA79600F9D48C = {
						CreatedOnToolsVersion = 10.3;
					};
					35DE8A30238CA7CB00F9D48C = {
						CreatedOnToolsVersion = 10.3;
					};
				};
			};
			buildConfigurationList = 35DE8A1E238CA79600F9D48C /* Build configuration list for PBXProject "PostBuildAnalzyer" */;
			compatibilityVersion = "Xcode 9.3";
			developmentRegion = en;
			hasScannedForEncodings = 0;
			knownRegions = (
				en,
				Base,
			);
			mainGroup = 35DE8A1A238CA79600F9D48C;
			productRefGroup = 35DE8A24238CA79600F9D48C /* Products */;
			projectDirPath = "";
			projectRoot = "";
			targets = (
				35DE8A22238CA79600F9D48C /* PostBuildAnalzyer */,
				35DE8A30238CA7CB00F9D48C /* PostBuildAnalzyerTests */,
			);
		};
/* End PBXProject section */

/* Begin PBXResourcesBuildPhase section */
		35DE8A2F238CA7CB00F9D48C /* Resources */ = {
			isa = PBXResourcesBuildPhase;
			buildActionMask = 2147483647;
			files = (
			);
			runOnlyForDeploymentPostprocessing = 0;
		};
/* End PBXResourcesBuildPhase section */

/* Begin PBXSourcesBuildPhase section */
		35DE8A1F238CA79600F9D48C /* Sources */ = {
			isa = PBXSourcesBuildPhase;
			buildActionMask = 2147483647;
			files = (
				350DDE7423AD5AF700F48143 /* LDWarning.swift in Sources */,
				35DE8A27238CA79600F9D48C /* main.swift in Sources */,
				4C0BC39923B10BDC00DACAB1 /* SlowExpression.swift in Sources */,
				4C0BC3A623B117BF00DACAB1 /* PostBuildComparison.swift in Sources */,
				4C0BC3A823B11ACD00DACAB1 /* LintWarning.swift in Sources */,
				350DDE7823AD618700F48143 /* Warning.swift in Sources */,
				4C0BC39E23B10F0300DACAB1 /* WarningAnalyzer.swift in Sources */,
				4C0BC3A423B10F2400DACAB1 /* Analyzer.swift in Sources */,
				350DDE6C23AD2E3300F48143 /* Utils.swift in Sources */,
				358857D823A57FC80081F6A2 /* PostBuildAnalyzer.swift in Sources */,
				4C0BC3A223B10F1900DACAB1 /* SlowExpresionAnalyzer.swift in Sources */,
				350DDE6F23AD2FCD00F48143 /* FileWarning.swift in Sources */,
				4C0BC3A023B10F0E00DACAB1 /* LintAnalyzer.swift in Sources */,
			);
			runOnlyForDeploymentPostprocessing = 0;
		};
		35DE8A2D238CA7CB00F9D48C /* Sources */ = {
			isa = PBXSourcesBuildPhase;
			buildActionMask = 2147483647;
			files = (
				4C1C0BD023AED2F2004DC5F3 /* WarningTests.swift in Sources */,
				4C441E9A23B03E8F00A733C1 /* TestWarning.swift in Sources */,
				4C0BC3AB23B11CEE00DACAB1 /* PostBuildComparisonTests.swift in Sources */,
				4C0BC3AC23B11D5000DACAB1 /* SlowExpresionAnalyzer.swift in Sources */,
				350DDE6223AD290400F48143 /* WarningAnalyzerTests.swift in Sources */,
				4C0BC3AE23B11D5800DACAB1 /* LintAnalyzer.swift in Sources */,
				35B8AB56239499CF00A90A56 /* UtilsTests.swift in Sources */,
				4C0BC3B223B11DD600DACAB1 /* LintWarning.swift in Sources */,
				4C0BC3AF23B11D5A00DACAB1 /* Analyzer.swift in Sources */,
				4C0BC39A23B10BF800DACAB1 /* SlowExpression.swift in Sources */,
				350DDE7023AD2FD200F48143 /* FileWarning.swift in Sources */,
				350DDE6D23AD2E6A00F48143 /* Utils.swift in Sources */,
				350DDE7C23AD62C900F48143 /* LDWarningTests.swift in Sources */,
				4C1C0BCE23ADA20B004DC5F3 /* FileWarningTests.swift in Sources */,
				350DDE7923AD61D100F48143 /* Warning.swift in Sources */,
				4C0BC3AD23B11D5300DACAB1 /* WarningAnalyzer.swift in Sources */,
				350DDE7A23AD61DA00F48143 /* LDWarning.swift in Sources */,
				4C0BC3B023B11D5D00DACAB1 /* PostBuildComparison.swift in Sources */,
				4C0BC39323B10A9200DACAB1 /* SlowExpressionAnalyzerTests.swift in Sources */,
				4C0BC3B123B11D6000DACAB1 /* PostBuildAnalyzer.swift in Sources */,
			);
			runOnlyForDeploymentPostprocessing = 0;
		};
/* End PBXSourcesBuildPhase section */

/* Begin XCBuildConfiguration section */
		35DE8A28238CA79600F9D48C /* Debug */ = {
			isa = XCBuildConfiguration;
			buildSettings = {
				ALWAYS_SEARCH_USER_PATHS = NO;
				CLANG_ANALYZER_NONNULL = YES;
				CLANG_ANALYZER_NUMBER_OBJECT_CONVERSION = YES_AGGRESSIVE;
				CLANG_CXX_LANGUAGE_STANDARD = "gnu++14";
				CLANG_CXX_LIBRARY = "libc++";
				CLANG_ENABLE_MODULES = YES;
				CLANG_ENABLE_OBJC_ARC = YES;
				CLANG_ENABLE_OBJC_WEAK = YES;
				CLANG_WARN_BLOCK_CAPTURE_AUTORELEASING = YES;
				CLANG_WARN_BOOL_CONVERSION = YES;
				CLANG_WARN_COMMA = YES;
				CLANG_WARN_CONSTANT_CONVERSION = YES;
				CLANG_WARN_DEPRECATED_OBJC_IMPLEMENTATIONS = YES;
				CLANG_WARN_DIRECT_OBJC_ISA_USAGE = YES_ERROR;
				CLANG_WARN_DOCUMENTATION_COMMENTS = YES;
				CLANG_WARN_EMPTY_BODY = YES;
				CLANG_WARN_ENUM_CONVERSION = YES;
				CLANG_WARN_INFINITE_RECURSION = YES;
				CLANG_WARN_INT_CONVERSION = YES;
				CLANG_WARN_NON_LITERAL_NULL_CONVERSION = YES;
				CLANG_WARN_OBJC_IMPLICIT_RETAIN_SELF = YES;
				CLANG_WARN_OBJC_LITERAL_CONVERSION = YES;
				CLANG_WARN_OBJC_ROOT_CLASS = YES_ERROR;
				CLANG_WARN_RANGE_LOOP_ANALYSIS = YES;
				CLANG_WARN_STRICT_PROTOTYPES = YES;
				CLANG_WARN_SUSPICIOUS_MOVE = YES;
				CLANG_WARN_UNGUARDED_AVAILABILITY = YES_AGGRESSIVE;
				CLANG_WARN_UNREACHABLE_CODE = YES;
				CLANG_WARN__DUPLICATE_METHOD_MATCH = YES;
				CODE_SIGN_IDENTITY = "Mac Developer";
				COPY_PHASE_STRIP = NO;
				DEBUG_INFORMATION_FORMAT = dwarf;
				ENABLE_STRICT_OBJC_MSGSEND = YES;
				ENABLE_TESTABILITY = YES;
				GCC_C_LANGUAGE_STANDARD = gnu11;
				GCC_DYNAMIC_NO_PIC = NO;
				GCC_NO_COMMON_BLOCKS = YES;
				GCC_OPTIMIZATION_LEVEL = 0;
				GCC_PREPROCESSOR_DEFINITIONS = (
					"DEBUG=1",
					"$(inherited)",
				);
				GCC_WARN_64_TO_32_BIT_CONVERSION = YES;
				GCC_WARN_ABOUT_RETURN_TYPE = YES_ERROR;
				GCC_WARN_UNDECLARED_SELECTOR = YES;
				GCC_WARN_UNINITIALIZED_AUTOS = YES_AGGRESSIVE;
				GCC_WARN_UNUSED_FUNCTION = YES;
				GCC_WARN_UNUSED_VARIABLE = YES;
				MACOSX_DEPLOYMENT_TARGET = 10.15;
				MTL_ENABLE_DEBUG_INFO = INCLUDE_SOURCE;
				MTL_FAST_MATH = YES;
				ONLY_ACTIVE_ARCH = YES;
				SDKROOT = macosx;
				SWIFT_ACTIVE_COMPILATION_CONDITIONS = DEBUG;
				SWIFT_OPTIMIZATION_LEVEL = "-Onone";
			};
			name = Debug;
		};
		35DE8A29238CA79600F9D48C /* Release */ = {
			isa = XCBuildConfiguration;
			buildSettings = {
				ALWAYS_SEARCH_USER_PATHS = NO;
				CLANG_ANALYZER_NONNULL = YES;
				CLANG_ANALYZER_NUMBER_OBJECT_CONVERSION = YES_AGGRESSIVE;
				CLANG_CXX_LANGUAGE_STANDARD = "gnu++14";
				CLANG_CXX_LIBRARY = "libc++";
				CLANG_ENABLE_MODULES = YES;
				CLANG_ENABLE_OBJC_ARC = YES;
				CLANG_ENABLE_OBJC_WEAK = YES;
				CLANG_WARN_BLOCK_CAPTURE_AUTORELEASING = YES;
				CLANG_WARN_BOOL_CONVERSION = YES;
				CLANG_WARN_COMMA = YES;
				CLANG_WARN_CONSTANT_CONVERSION = YES;
				CLANG_WARN_DEPRECATED_OBJC_IMPLEMENTATIONS = YES;
				CLANG_WARN_DIRECT_OBJC_ISA_USAGE = YES_ERROR;
				CLANG_WARN_DOCUMENTATION_COMMENTS = YES;
				CLANG_WARN_EMPTY_BODY = YES;
				CLANG_WARN_ENUM_CONVERSION = YES;
				CLANG_WARN_INFINITE_RECURSION = YES;
				CLANG_WARN_INT_CONVERSION = YES;
				CLANG_WARN_NON_LITERAL_NULL_CONVERSION = YES;
				CLANG_WARN_OBJC_IMPLICIT_RETAIN_SELF = YES;
				CLANG_WARN_OBJC_LITERAL_CONVERSION = YES;
				CLANG_WARN_OBJC_ROOT_CLASS = YES_ERROR;
				CLANG_WARN_RANGE_LOOP_ANALYSIS = YES;
				CLANG_WARN_STRICT_PROTOTYPES = YES;
				CLANG_WARN_SUSPICIOUS_MOVE = YES;
				CLANG_WARN_UNGUARDED_AVAILABILITY = YES_AGGRESSIVE;
				CLANG_WARN_UNREACHABLE_CODE = YES;
				CLANG_WARN__DUPLICATE_METHOD_MATCH = YES;
				CODE_SIGN_IDENTITY = "Mac Developer";
				COPY_PHASE_STRIP = NO;
				DEBUG_INFORMATION_FORMAT = "dwarf-with-dsym";
				ENABLE_NS_ASSERTIONS = NO;
				ENABLE_STRICT_OBJC_MSGSEND = YES;
				GCC_C_LANGUAGE_STANDARD = gnu11;
				GCC_NO_COMMON_BLOCKS = YES;
				GCC_WARN_64_TO_32_BIT_CONVERSION = YES;
				GCC_WARN_ABOUT_RETURN_TYPE = YES_ERROR;
				GCC_WARN_UNDECLARED_SELECTOR = YES;
				GCC_WARN_UNINITIALIZED_AUTOS = YES_AGGRESSIVE;
				GCC_WARN_UNUSED_FUNCTION = YES;
				GCC_WARN_UNUSED_VARIABLE = YES;
				MACOSX_DEPLOYMENT_TARGET = 10.15;
				MTL_ENABLE_DEBUG_INFO = NO;
				MTL_FAST_MATH = YES;
				SDKROOT = macosx;
				SWIFT_COMPILATION_MODE = wholemodule;
				SWIFT_OPTIMIZATION_LEVEL = "-O";
			};
			name = Release;
		};
		35DE8A2B238CA79600F9D48C /* Debug */ = {
			isa = XCBuildConfiguration;
			buildSettings = {
				CODE_SIGN_IDENTITY = "-";
				CODE_SIGN_STYLE = Automatic;
				DEVELOPMENT_TEAM = CY96495443;
				MACOSX_DEPLOYMENT_TARGET = 10.14;
				PRODUCT_NAME = "$(TARGET_NAME)";
				SWIFT_VERSION = 5.0;
			};
			name = Debug;
		};
		35DE8A2C238CA79600F9D48C /* Release */ = {
			isa = XCBuildConfiguration;
			buildSettings = {
				CODE_SIGN_IDENTITY = "-";
				CODE_SIGN_STYLE = Automatic;
				DEVELOPMENT_TEAM = CY96495443;
				MACOSX_DEPLOYMENT_TARGET = 10.14;
				PRODUCT_NAME = "$(TARGET_NAME)";
				SWIFT_VERSION = 5.0;
			};
			name = Release;
		};
		35DE8A37238CA7CB00F9D48C /* Debug */ = {
			isa = XCBuildConfiguration;
			buildSettings = {
				CODE_SIGN_STYLE = Automatic;
				COMBINE_HIDPI_IMAGES = YES;
				DEVELOPMENT_TEAM = CY96495443;
				INFOPLIST_FILE = PostBuildAnalzyerTests/Info.plist;
				LD_RUNPATH_SEARCH_PATHS = (
					"$(inherited)",
					"@executable_path/../Frameworks",
					"@loader_path/../Frameworks",
				);
				MACOSX_DEPLOYMENT_TARGET = 10.14;
				PRODUCT_BUNDLE_IDENTIFIER = ca.charland.PostBuildAnalzyerTests;
				PRODUCT_NAME = "$(TARGET_NAME)";
				SWIFT_VERSION = 5.0;
			};
			name = Debug;
		};
		35DE8A38238CA7CB00F9D48C /* Release */ = {
			isa = XCBuildConfiguration;
			buildSettings = {
				CODE_SIGN_STYLE = Automatic;
				COMBINE_HIDPI_IMAGES = YES;
				DEVELOPMENT_TEAM = CY96495443;
				INFOPLIST_FILE = PostBuildAnalzyerTests/Info.plist;
				LD_RUNPATH_SEARCH_PATHS = (
					"$(inherited)",
					"@executable_path/../Frameworks",
					"@loader_path/../Frameworks",
				);
				MACOSX_DEPLOYMENT_TARGET = 10.14;
				PRODUCT_BUNDLE_IDENTIFIER = ca.charland.PostBuildAnalzyerTests;
				PRODUCT_NAME = "$(TARGET_NAME)";
				SWIFT_VERSION = 5.0;
			};
			name = Release;
		};
/* End XCBuildConfiguration section */

/* Begin XCConfigurationList section */
		35DE8A1E238CA79600F9D48C /* Build configuration list for PBXProject "PostBuildAnalzyer" */ = {
			isa = XCConfigurationList;
			buildConfigurations = (
				35DE8A28238CA79600F9D48C /* Debug */,
				35DE8A29238CA79600F9D48C /* Release */,
			);
			defaultConfigurationIsVisible = 0;
			defaultConfigurationName = Release;
		};
		35DE8A2A238CA79600F9D48C /* Build configuration list for PBXNativeTarget "PostBuildAnalzyer" */ = {
			isa = XCConfigurationList;
			buildConfigurations = (
				35DE8A2B238CA79600F9D48C /* Debug */,
				35DE8A2C238CA79600F9D48C /* Release */,
			);
			defaultConfigurationIsVisible = 0;
			defaultConfigurationName = Release;
		};
		35DE8A36238CA7CB00F9D48C /* Build configuration list for PBXNativeTarget "PostBuildAnalzyerTests" */ = {
			isa = XCConfigurationList;
			buildConfigurations = (
				35DE8A37238CA7CB00F9D48C /* Debug */,
				35DE8A38238CA7CB00F9D48C /* Release */,
			);
			defaultConfigurationIsVisible = 0;
			defaultConfigurationName = Release;
		};
/* End XCConfigurationList section */
	};
	rootObject = 35DE8A1B238CA79600F9D48C /* Project object */;
}
