// !$*UTF8*$!
{
	archiveVersion = 1;
	classes = {
	};
	objectVersion = 50;
	objects = {

/* Begin PBXBuildFile section */
		4C3157AC23A7CC290062EC74 /* Warnings.swift in Sources */ = {isa = PBXBuildFile; fileRef = 4C3157AB23A7CC290062EC74 /* Warnings.swift */; };
		4C3157AE23A7CC340062EC74 /* SlowFiles.swift in Sources */ = {isa = PBXBuildFile; fileRef = 4C3157AD23A7CC340062EC74 /* SlowFiles.swift */; };
		4C3157B023A7CC400062EC74 /* LintWarnings.swift in Sources */ = {isa = PBXBuildFile; fileRef = 4C3157AF23A7CC400062EC74 /* LintWarnings.swift */; };
		4CA6CD222378F35E0010ACC9 /* Example.framework in Frameworks */ = {isa = PBXBuildFile; fileRef = 4CA6CD182378F35E0010ACC9 /* Example.framework */; };
		4CA6CD292378F35E0010ACC9 /* Example.h in Headers */ = {isa = PBXBuildFile; fileRef = 4CA6CD1B2378F35E0010ACC9 /* Example.h */; settings = {ATTRIBUTES = (Public, ); }; };
		4CA6CD342378F4670010ACC9 /* ExistingClassNotCovered.swift in Sources */ = {isa = PBXBuildFile; fileRef = 4CA6CD322378F4670010ACC9 /* ExistingClassNotCovered.swift */; };
		4CA6CD352378F4670010ACC9 /* ExistingClassCovered.swift in Sources */ = {isa = PBXBuildFile; fileRef = 4CA6CD332378F4670010ACC9 /* ExistingClassCovered.swift */; };
		4CA6CD372378F46E0010ACC9 /* ExistingClassCoveredTests.swift in Sources */ = {isa = PBXBuildFile; fileRef = 4CA6CD362378F46E0010ACC9 /* ExistingClassCoveredTests.swift */; };
		4CA6CD51237B55470010ACC9 /* ExistingClassCoverageDroppedTests.swift in Sources */ = {isa = PBXBuildFile; fileRef = 4CA6CD50237B55470010ACC9 /* ExistingClassCoverageDroppedTests.swift */; };
		4CA6CD53237B55650010ACC9 /* ExistingClassCoverageDropped.swift in Sources */ = {isa = PBXBuildFile; fileRef = 4CA6CD52237B55650010ACC9 /* ExistingClassCoverageDropped.swift */; };
		4CA6CD84237F1DF40010ACC9 /* ExistingClassCoverageDown.swift in Sources */ = {isa = PBXBuildFile; fileRef = 4CA6CD82237F1DF40010ACC9 /* ExistingClassCoverageDown.swift */; };
		4CA6CD85237F1DF40010ACC9 /* ExistingClassCoverageUp.swift in Sources */ = {isa = PBXBuildFile; fileRef = 4CA6CD83237F1DF40010ACC9 /* ExistingClassCoverageUp.swift */; };
		4CA6CD87237F1E120010ACC9 /* ExistingClassCoverageDownTests.swift in Sources */ = {isa = PBXBuildFile; fileRef = 4CA6CD86237F1E120010ACC9 /* ExistingClassCoverageDownTests.swift */; };
		4CA6CD89237F1EC10010ACC9 /* ExistingClassCoverageUpTests.swift in Sources */ = {isa = PBXBuildFile; fileRef = 4CA6CD88237F1EC10010ACC9 /* ExistingClassCoverageUpTests.swift */; };
/* End PBXBuildFile section */

/* Begin PBXContainerItemProxy section */
		4CA6CD232378F35E0010ACC9 /* PBXContainerItemProxy */ = {
			isa = PBXContainerItemProxy;
			containerPortal = 4CA6CD0F2378F35E0010ACC9 /* Project object */;
			proxyType = 1;
			remoteGlobalIDString = 4CA6CD172378F35E0010ACC9;
			remoteInfo = Example;
		};
/* End PBXContainerItemProxy section */

/* Begin PBXFileReference section */
		4C3157AB23A7CC290062EC74 /* Warnings.swift */ = {isa = PBXFileReference; lastKnownFileType = sourcecode.swift; path = Warnings.swift; sourceTree = "<group>"; };
		4C3157AD23A7CC340062EC74 /* SlowFiles.swift */ = {isa = PBXFileReference; lastKnownFileType = sourcecode.swift; path = SlowFiles.swift; sourceTree = "<group>"; };
		4C3157AF23A7CC400062EC74 /* LintWarnings.swift */ = {isa = PBXFileReference; lastKnownFileType = sourcecode.swift; path = LintWarnings.swift; sourceTree = "<group>"; };
		4CA6CD182378F35E0010ACC9 /* Example.framework */ = {isa = PBXFileReference; explicitFileType = wrapper.framework; includeInIndex = 0; path = Example.framework; sourceTree = BUILT_PRODUCTS_DIR; };
		4CA6CD1B2378F35E0010ACC9 /* Example.h */ = {isa = PBXFileReference; lastKnownFileType = sourcecode.c.h; path = Example.h; sourceTree = "<group>"; };
		4CA6CD1C2378F35E0010ACC9 /* Info.plist */ = {isa = PBXFileReference; lastKnownFileType = text.plist.xml; path = Info.plist; sourceTree = "<group>"; };
		4CA6CD212378F35E0010ACC9 /* ExampleTests.xctest */ = {isa = PBXFileReference; explicitFileType = wrapper.cfbundle; includeInIndex = 0; path = ExampleTests.xctest; sourceTree = BUILT_PRODUCTS_DIR; };
		4CA6CD282378F35E0010ACC9 /* Info.plist */ = {isa = PBXFileReference; lastKnownFileType = text.plist.xml; path = Info.plist; sourceTree = "<group>"; };
		4CA6CD322378F4670010ACC9 /* ExistingClassNotCovered.swift */ = {isa = PBXFileReference; fileEncoding = 4; lastKnownFileType = sourcecode.swift; path = ExistingClassNotCovered.swift; sourceTree = "<group>"; };
		4CA6CD332378F4670010ACC9 /* ExistingClassCovered.swift */ = {isa = PBXFileReference; fileEncoding = 4; lastKnownFileType = sourcecode.swift; path = ExistingClassCovered.swift; sourceTree = "<group>"; };
		4CA6CD362378F46E0010ACC9 /* ExistingClassCoveredTests.swift */ = {isa = PBXFileReference; fileEncoding = 4; lastKnownFileType = sourcecode.swift; path = ExistingClassCoveredTests.swift; sourceTree = "<group>"; };
		4CA6CD50237B55470010ACC9 /* ExistingClassCoverageDroppedTests.swift */ = {isa = PBXFileReference; fileEncoding = 4; lastKnownFileType = sourcecode.swift; path = ExistingClassCoverageDroppedTests.swift; sourceTree = "<group>"; };
		4CA6CD52237B55650010ACC9 /* ExistingClassCoverageDropped.swift */ = {isa = PBXFileReference; fileEncoding = 4; lastKnownFileType = sourcecode.swift; path = ExistingClassCoverageDropped.swift; sourceTree = "<group>"; };
		4CA6CD82237F1DF40010ACC9 /* ExistingClassCoverageDown.swift */ = {isa = PBXFileReference; fileEncoding = 4; lastKnownFileType = sourcecode.swift; path = ExistingClassCoverageDown.swift; sourceTree = "<group>"; };
		4CA6CD83237F1DF40010ACC9 /* ExistingClassCoverageUp.swift */ = {isa = PBXFileReference; fileEncoding = 4; lastKnownFileType = sourcecode.swift; path = ExistingClassCoverageUp.swift; sourceTree = "<group>"; };
		4CA6CD86237F1E120010ACC9 /* ExistingClassCoverageDownTests.swift */ = {isa = PBXFileReference; lastKnownFileType = sourcecode.swift; path = ExistingClassCoverageDownTests.swift; sourceTree = "<group>"; };
		4CA6CD88237F1EC10010ACC9 /* ExistingClassCoverageUpTests.swift */ = {isa = PBXFileReference; lastKnownFileType = sourcecode.swift; path = ExistingClassCoverageUpTests.swift; sourceTree = "<group>"; };
/* End PBXFileReference section */

/* Begin PBXFrameworksBuildPhase section */
		4CA6CD152378F35E0010ACC9 /* Frameworks */ = {
			isa = PBXFrameworksBuildPhase;
			buildActionMask = 2147483647;
			files = (
			);
			runOnlyForDeploymentPostprocessing = 0;
		};
		4CA6CD1E2378F35E0010ACC9 /* Frameworks */ = {
			isa = PBXFrameworksBuildPhase;
			buildActionMask = 2147483647;
			files = (
				4CA6CD222378F35E0010ACC9 /* Example.framework in Frameworks */,
			);
			runOnlyForDeploymentPostprocessing = 0;
		};
/* End PBXFrameworksBuildPhase section */

/* Begin PBXGroup section */
		4CA6CD0E2378F35E0010ACC9 = {
			isa = PBXGroup;
			children = (
				4CA6CD1A2378F35E0010ACC9 /* Example */,
				4CA6CD252378F35E0010ACC9 /* ExampleTests */,
				4CA6CD192378F35E0010ACC9 /* Products */,
			);
			sourceTree = "<group>";
		};
		4CA6CD192378F35E0010ACC9 /* Products */ = {
			isa = PBXGroup;
			children = (
				4CA6CD182378F35E0010ACC9 /* Example.framework */,
				4CA6CD212378F35E0010ACC9 /* ExampleTests.xctest */,
			);
			name = Products;
			sourceTree = "<group>";
		};
		4CA6CD1A2378F35E0010ACC9 /* Example */ = {
			isa = PBXGroup;
			children = (
				4CA6CD332378F4670010ACC9 /* ExistingClassCovered.swift */,
				4CA6CD322378F4670010ACC9 /* ExistingClassNotCovered.swift */,
				4CA6CD52237B55650010ACC9 /* ExistingClassCoverageDropped.swift */,
				4CA6CD82237F1DF40010ACC9 /* ExistingClassCoverageDown.swift */,
				4CA6CD83237F1DF40010ACC9 /* ExistingClassCoverageUp.swift */,
				4CA6CD1B2378F35E0010ACC9 /* Example.h */,
				4CA6CD1C2378F35E0010ACC9 /* Info.plist */,
				4C3157AB23A7CC290062EC74 /* Warnings.swift */,
				4C3157AD23A7CC340062EC74 /* SlowFiles.swift */,
				4C3157AF23A7CC400062EC74 /* LintWarnings.swift */,
			);
			path = Example;
			sourceTree = "<group>";
		};
		4CA6CD252378F35E0010ACC9 /* ExampleTests */ = {
			isa = PBXGroup;
			children = (
				4CA6CD362378F46E0010ACC9 /* ExistingClassCoveredTests.swift */,
				4CA6CD50237B55470010ACC9 /* ExistingClassCoverageDroppedTests.swift */,
				4CA6CD282378F35E0010ACC9 /* Info.plist */,
				4CA6CD86237F1E120010ACC9 /* ExistingClassCoverageDownTests.swift */,
				4CA6CD88237F1EC10010ACC9 /* ExistingClassCoverageUpTests.swift */,
			);
			path = ExampleTests;
			sourceTree = "<group>";
		};
/* End PBXGroup section */

/* Begin PBXHeadersBuildPhase section */
		4CA6CD132378F35E0010ACC9 /* Headers */ = {
			isa = PBXHeadersBuildPhase;
			buildActionMask = 2147483647;
			files = (
				4CA6CD292378F35E0010ACC9 /* Example.h in Headers */,
			);
			runOnlyForDeploymentPostprocessing = 0;
		};
/* End PBXHeadersBuildPhase section */

/* Begin PBXNativeTarget section */
		4CA6CD172378F35E0010ACC9 /* Example */ = {
			isa = PBXNativeTarget;
			buildConfigurationList = 4CA6CD2C2378F35E0010ACC9 /* Build configuration list for PBXNativeTarget "Example" */;
			buildPhases = (
				4CA6CD132378F35E0010ACC9 /* Headers */,
				4CA6CD142378F35E0010ACC9 /* Sources */,
				4CA6CD152378F35E0010ACC9 /* Frameworks */,
				4CA6CD162378F35E0010ACC9 /* Resources */,
			);
			buildRules = (
			);
			dependencies = (
			);
			name = Example;
			productName = Example;
			productReference = 4CA6CD182378F35E0010ACC9 /* Example.framework */;
			productType = "com.apple.product-type.framework";
		};
		4CA6CD202378F35E0010ACC9 /* ExampleTests */ = {
			isa = PBXNativeTarget;
			buildConfigurationList = 4CA6CD2F2378F35E0010ACC9 /* Build configuration list for PBXNativeTarget "ExampleTests" */;
			buildPhases = (
				4CA6CD1D2378F35E0010ACC9 /* Sources */,
				4CA6CD1E2378F35E0010ACC9 /* Frameworks */,
				4CA6CD1F2378F35E0010ACC9 /* Resources */,
			);
			buildRules = (
			);
			dependencies = (
				4CA6CD242378F35E0010ACC9 /* PBXTargetDependency */,
			);
			name = ExampleTests;
			productName = ExampleTests;
			productReference = 4CA6CD212378F35E0010ACC9 /* ExampleTests.xctest */;
			productType = "com.apple.product-type.bundle.unit-test";
		};
/* End PBXNativeTarget section */

/* Begin PBXProject section */
		4CA6CD0F2378F35E0010ACC9 /* Project object */ = {
			isa = PBXProject;
			attributes = {
				LastSwiftUpdateCheck = 1110;
				LastUpgradeCheck = 1110;
				ORGANIZATIONNAME = charland;
				TargetAttributes = {
					4CA6CD172378F35E0010ACC9 = {
						CreatedOnToolsVersion = 11.1;
						LastSwiftMigration = 1110;
					};
					4CA6CD202378F35E0010ACC9 = {
						CreatedOnToolsVersion = 11.1;
					};
				};
			};
			buildConfigurationList = 4CA6CD122378F35E0010ACC9 /* Build configuration list for PBXProject "Before" */;
			compatibilityVersion = "Xcode 9.3";
			developmentRegion = en;
			hasScannedForEncodings = 0;
			knownRegions = (
				en,
				Base,
			);
			mainGroup = 4CA6CD0E2378F35E0010ACC9;
			productRefGroup = 4CA6CD192378F35E0010ACC9 /* Products */;
			projectDirPath = "";
			projectRoot = "";
			targets = (
				4CA6CD172378F35E0010ACC9 /* Example */,
				4CA6CD202378F35E0010ACC9 /* ExampleTests */,
			);
		};
/* End PBXProject section */

/* Begin PBXResourcesBuildPhase section */
		4CA6CD162378F35E0010ACC9 /* Resources */ = {
			isa = PBXResourcesBuildPhase;
			buildActionMask = 2147483647;
			files = (
			);
			runOnlyForDeploymentPostprocessing = 0;
		};
		4CA6CD1F2378F35E0010ACC9 /* Resources */ = {
			isa = PBXResourcesBuildPhase;
			buildActionMask = 2147483647;
			files = (
			);
			runOnlyForDeploymentPostprocessing = 0;
		};
/* End PBXResourcesBuildPhase section */

/* Begin PBXSourcesBuildPhase section */
		4CA6CD142378F35E0010ACC9 /* Sources */ = {
			isa = PBXSourcesBuildPhase;
			buildActionMask = 2147483647;
			files = (
				4C3157AE23A7CC340062EC74 /* SlowFiles.swift in Sources */,
				4CA6CD352378F4670010ACC9 /* ExistingClassCovered.swift in Sources */,
				4CA6CD85237F1DF40010ACC9 /* ExistingClassCoverageUp.swift in Sources */,
				4CA6CD53237B55650010ACC9 /* ExistingClassCoverageDropped.swift in Sources */,
				4CA6CD342378F4670010ACC9 /* ExistingClassNotCovered.swift in Sources */,
				4C3157B023A7CC400062EC74 /* LintWarnings.swift in Sources */,
				4C3157AC23A7CC290062EC74 /* Warnings.swift in Sources */,
				4CA6CD84237F1DF40010ACC9 /* ExistingClassCoverageDown.swift in Sources */,
			);
			runOnlyForDeploymentPostprocessing = 0;
		};
		4CA6CD1D2378F35E0010ACC9 /* Sources */ = {
			isa = PBXSourcesBuildPhase;
			buildActionMask = 2147483647;
			files = (
				4CA6CD51237B55470010ACC9 /* ExistingClassCoverageDroppedTests.swift in Sources */,
				4CA6CD87237F1E120010ACC9 /* ExistingClassCoverageDownTests.swift in Sources */,
				4CA6CD89237F1EC10010ACC9 /* ExistingClassCoverageUpTests.swift in Sources */,
				4CA6CD372378F46E0010ACC9 /* ExistingClassCoveredTests.swift in Sources */,
			);
			runOnlyForDeploymentPostprocessing = 0;
		};
/* End PBXSourcesBuildPhase section */

/* Begin PBXTargetDependency section */
		4CA6CD242378F35E0010ACC9 /* PBXTargetDependency */ = {
			isa = PBXTargetDependency;
			target = 4CA6CD172378F35E0010ACC9 /* Example */;
			targetProxy = 4CA6CD232378F35E0010ACC9 /* PBXContainerItemProxy */;
		};
/* End PBXTargetDependency section */

/* Begin XCBuildConfiguration section */
		4CA6CD2A2378F35E0010ACC9 /* Debug */ = {
			isa = XCBuildConfiguration;
			buildSettings = {
				ALWAYS_SEARCH_USER_PATHS = NO;
				CLANG_ANALYZER_NONNULL = YES;
				CLANG_ANALYZER_NUMBER_OBJECT_CONVERSION = YES_AGGRESSIVE;
				CLANG_CXX_LANGUAGE_STANDARD = "gnu++14";
				CLANG_CXX_LIBRARY = "libc++";
				CLANG_ENABLE_MODULES = YES;
				CLANG_ENABLE_OBJC_ARC = YES;
				CLANG_ENABLE_OBJC_WEAK = YES;
				CLANG_WARN_BLOCK_CAPTURE_AUTORELEASING = YES;
				CLANG_WARN_BOOL_CONVERSION = YES;
				CLANG_WARN_COMMA = YES;
				CLANG_WARN_CONSTANT_CONVERSION = YES;
				CLANG_WARN_DEPRECATED_OBJC_IMPLEMENTATIONS = YES;
				CLANG_WARN_DIRECT_OBJC_ISA_USAGE = YES_ERROR;
				CLANG_WARN_DOCUMENTATION_COMMENTS = YES;
				CLANG_WARN_EMPTY_BODY = YES;
				CLANG_WARN_ENUM_CONVERSION = YES;
				CLANG_WARN_INFINITE_RECURSION = YES;
				CLANG_WARN_INT_CONVERSION = YES;
				CLANG_WARN_NON_LITERAL_NULL_CONVERSION = YES;
				CLANG_WARN_OBJC_IMPLICIT_RETAIN_SELF = YES;
				CLANG_WARN_OBJC_LITERAL_CONVERSION = YES;
				CLANG_WARN_OBJC_ROOT_CLASS = YES_ERROR;
				CLANG_WARN_RANGE_LOOP_ANALYSIS = YES;
				CLANG_WARN_STRICT_PROTOTYPES = YES;
				CLANG_WARN_SUSPICIOUS_MOVE = YES;
				CLANG_WARN_UNGUARDED_AVAILABILITY = YES_AGGRESSIVE;
				CLANG_WARN_UNREACHABLE_CODE = YES;
				CLANG_WARN__DUPLICATE_METHOD_MATCH = YES;
				COPY_PHASE_STRIP = NO;
				CURRENT_PROJECT_VERSION = 1;
				DEBUG_INFORMATION_FORMAT = dwarf;
				ENABLE_STRICT_OBJC_MSGSEND = YES;
				ENABLE_TESTABILITY = YES;
				GCC_C_LANGUAGE_STANDARD = gnu11;
				GCC_DYNAMIC_NO_PIC = NO;
				GCC_NO_COMMON_BLOCKS = YES;
				GCC_OPTIMIZATION_LEVEL = 0;
				GCC_PREPROCESSOR_DEFINITIONS = (
					"DEBUG=1",
					"$(inherited)",
				);
				GCC_WARN_64_TO_32_BIT_CONVERSION = YES;
				GCC_WARN_ABOUT_RETURN_TYPE = YES_ERROR;
				GCC_WARN_UNDECLARED_SELECTOR = YES;
				GCC_WARN_UNINITIALIZED_AUTOS = YES_AGGRESSIVE;
				GCC_WARN_UNUSED_FUNCTION = YES;
				GCC_WARN_UNUSED_VARIABLE = YES;
				MACOSX_DEPLOYMENT_TARGET = 10.15;
				MTL_ENABLE_DEBUG_INFO = INCLUDE_SOURCE;
				MTL_FAST_MATH = YES;
				ONLY_ACTIVE_ARCH = YES;
				SDKROOT = macosx;
				SWIFT_ACTIVE_COMPILATION_CONDITIONS = DEBUG;
				SWIFT_OPTIMIZATION_LEVEL = "-Onone";
				VERSIONING_SYSTEM = "apple-generic";
				VERSION_INFO_PREFIX = "";
			};
			name = Debug;
		};
		4CA6CD2B2378F35E0010ACC9 /* Release */ = {
			isa = XCBuildConfiguration;
			buildSettings = {
				ALWAYS_SEARCH_USER_PATHS = NO;
				CLANG_ANALYZER_NONNULL = YES;
				CLANG_ANALYZER_NUMBER_OBJECT_CONVERSION = YES_AGGRESSIVE;
				CLANG_CXX_LANGUAGE_STANDARD = "gnu++14";
				CLANG_CXX_LIBRARY = "libc++";
				CLANG_ENABLE_MODULES = YES;
				CLANG_ENABLE_OBJC_ARC = YES;
				CLANG_ENABLE_OBJC_WEAK = YES;
				CLANG_WARN_BLOCK_CAPTURE_AUTORELEASING = YES;
				CLANG_WARN_BOOL_CONVERSION = YES;
				CLANG_WARN_COMMA = YES;
				CLANG_WARN_CONSTANT_CONVERSION = YES;
				CLANG_WARN_DEPRECATED_OBJC_IMPLEMENTATIONS = YES;
				CLANG_WARN_DIRECT_OBJC_ISA_USAGE = YES_ERROR;
				CLANG_WARN_DOCUMENTATION_COMMENTS = YES;
				CLANG_WARN_EMPTY_BODY = YES;
				CLANG_WARN_ENUM_CONVERSION = YES;
				CLANG_WARN_INFINITE_RECURSION = YES;
				CLANG_WARN_INT_CONVERSION = YES;
				CLANG_WARN_NON_LITERAL_NULL_CONVERSION = YES;
				CLANG_WARN_OBJC_IMPLICIT_RETAIN_SELF = YES;
				CLANG_WARN_OBJC_LITERAL_CONVERSION = YES;
				CLANG_WARN_OBJC_ROOT_CLASS = YES_ERROR;
				CLANG_WARN_RANGE_LOOP_ANALYSIS = YES;
				CLANG_WARN_STRICT_PROTOTYPES = YES;
				CLANG_WARN_SUSPICIOUS_MOVE = YES;
				CLANG_WARN_UNGUARDED_AVAILABILITY = YES_AGGRESSIVE;
				CLANG_WARN_UNREACHABLE_CODE = YES;
				CLANG_WARN__DUPLICATE_METHOD_MATCH = YES;
				COPY_PHASE_STRIP = NO;
				CURRENT_PROJECT_VERSION = 1;
				DEBUG_INFORMATION_FORMAT = "dwarf-with-dsym";
				ENABLE_NS_ASSERTIONS = NO;
				ENABLE_STRICT_OBJC_MSGSEND = YES;
				GCC_C_LANGUAGE_STANDARD = gnu11;
				GCC_NO_COMMON_BLOCKS = YES;
				GCC_WARN_64_TO_32_BIT_CONVERSION = YES;
				GCC_WARN_ABOUT_RETURN_TYPE = YES_ERROR;
				GCC_WARN_UNDECLARED_SELECTOR = YES;
				GCC_WARN_UNINITIALIZED_AUTOS = YES_AGGRESSIVE;
				GCC_WARN_UNUSED_FUNCTION = YES;
				GCC_WARN_UNUSED_VARIABLE = YES;
				MACOSX_DEPLOYMENT_TARGET = 10.15;
				MTL_ENABLE_DEBUG_INFO = NO;
				MTL_FAST_MATH = YES;
				SDKROOT = macosx;
				SWIFT_COMPILATION_MODE = wholemodule;
				SWIFT_OPTIMIZATION_LEVEL = "-O";
				VERSIONING_SYSTEM = "apple-generic";
				VERSION_INFO_PREFIX = "";
			};
			name = Release;
		};
		4CA6CD2D2378F35E0010ACC9 /* Debug */ = {
			isa = XCBuildConfiguration;
			buildSettings = {
				CLANG_ENABLE_MODULES = YES;
				CODE_SIGN_STYLE = Automatic;
				COMBINE_HIDPI_IMAGES = YES;
				DEFINES_MODULE = YES;
				DEVELOPMENT_TEAM = CY96495443;
				DYLIB_COMPATIBILITY_VERSION = 1;
				DYLIB_CURRENT_VERSION = 1;
				DYLIB_INSTALL_NAME_BASE = "@rpath";
				INFOPLIST_FILE = Example/Info.plist;
				INSTALL_PATH = "$(LOCAL_LIBRARY_DIR)/Frameworks";
				LD_RUNPATH_SEARCH_PATHS = (
					"$(inherited)",
					"@executable_path/../Frameworks",
					"@loader_path/Frameworks",
				);
				PRODUCT_BUNDLE_IDENTIFIER = ca.charland.Example;
				PRODUCT_NAME = "$(TARGET_NAME:c99extidentifier)";
				SKIP_INSTALL = YES;
				SWIFT_OPTIMIZATION_LEVEL = "-Onone";
				SWIFT_VERSION = 5.0;
			};
			name = Debug;
		};
		4CA6CD2E2378F35E0010ACC9 /* Release */ = {
			isa = XCBuildConfiguration;
			buildSettings = {
				CLANG_ENABLE_MODULES = YES;
				CODE_SIGN_STYLE = Automatic;
				COMBINE_HIDPI_IMAGES = YES;
				DEFINES_MODULE = YES;
				DEVELOPMENT_TEAM = CY96495443;
				DYLIB_COMPATIBILITY_VERSION = 1;
				DYLIB_CURRENT_VERSION = 1;
				DYLIB_INSTALL_NAME_BASE = "@rpath";
				INFOPLIST_FILE = Example/Info.plist;
				INSTALL_PATH = "$(LOCAL_LIBRARY_DIR)/Frameworks";
				LD_RUNPATH_SEARCH_PATHS = (
					"$(inherited)",
					"@executable_path/../Frameworks",
					"@loader_path/Frameworks",
				);
				PRODUCT_BUNDLE_IDENTIFIER = ca.charland.Example;
				PRODUCT_NAME = "$(TARGET_NAME:c99extidentifier)";
				SKIP_INSTALL = YES;
				SWIFT_VERSION = 5.0;
			};
			name = Release;
		};
		4CA6CD302378F35E0010ACC9 /* Debug */ = {
			isa = XCBuildConfiguration;
			buildSettings = {
				ALWAYS_EMBED_SWIFT_STANDARD_LIBRARIES = YES;
				CODE_SIGN_STYLE = Automatic;
				COMBINE_HIDPI_IMAGES = YES;
				DEVELOPMENT_TEAM = CY96495443;
				INFOPLIST_FILE = ExampleTests/Info.plist;
				LD_RUNPATH_SEARCH_PATHS = (
					"$(inherited)",
					"@executable_path/../Frameworks",
					"@loader_path/../Frameworks",
				);
				PRODUCT_BUNDLE_IDENTIFIER = ca.charland.ExampleTests;
				PRODUCT_NAME = "$(TARGET_NAME)";
				SWIFT_VERSION = 5.0;
			};
			name = Debug;
		};
		4CA6CD312378F35E0010ACC9 /* Release */ = {
			isa = XCBuildConfiguration;
			buildSettings = {
				ALWAYS_EMBED_SWIFT_STANDARD_LIBRARIES = YES;
				CODE_SIGN_STYLE = Automatic;
				COMBINE_HIDPI_IMAGES = YES;
				DEVELOPMENT_TEAM = CY96495443;
				INFOPLIST_FILE = ExampleTests/Info.plist;
				LD_RUNPATH_SEARCH_PATHS = (
					"$(inherited)",
					"@executable_path/../Frameworks",
					"@loader_path/../Frameworks",
				);
				PRODUCT_BUNDLE_IDENTIFIER = ca.charland.ExampleTests;
				PRODUCT_NAME = "$(TARGET_NAME)";
				SWIFT_VERSION = 5.0;
			};
			name = Release;
		};
/* End XCBuildConfiguration section */

/* Begin XCConfigurationList section */
		4CA6CD122378F35E0010ACC9 /* Build configuration list for PBXProject "Before" */ = {
			isa = XCConfigurationList;
			buildConfigurations = (
				4CA6CD2A2378F35E0010ACC9 /* Debug */,
				4CA6CD2B2378F35E0010ACC9 /* Release */,
			);
			defaultConfigurationIsVisible = 0;
			defaultConfigurationName = Release;
		};
		4CA6CD2C2378F35E0010ACC9 /* Build configuration list for PBXNativeTarget "Example" */ = {
			isa = XCConfigurationList;
			buildConfigurations = (
				4CA6CD2D2378F35E0010ACC9 /* Debug */,
				4CA6CD2E2378F35E0010ACC9 /* Release */,
			);
			defaultConfigurationIsVisible = 0;
			defaultConfigurationName = Release;
		};
		4CA6CD2F2378F35E0010ACC9 /* Build configuration list for PBXNativeTarget "ExampleTests" */ = {
			isa = XCConfigurationList;
			buildConfigurations = (
				4CA6CD302378F35E0010ACC9 /* Debug */,
				4CA6CD312378F35E0010ACC9 /* Release */,
			);
			defaultConfigurationIsVisible = 0;
			defaultConfigurationName = Release;
		};
/* End XCConfigurationList section */
	};
	rootObject = 4CA6CD0F2378F35E0010ACC9 /* Project object */;
}
